
Microsoft Visual Studio Solution File, Format Version 12.00
# Visual Studio Version 17
VisualStudioVersion = 17.9.34701.34
MinimumVisualStudioVersion = 10.0.40219.1
Project("{9A19103F-16F7-4668-BE54-9A1E7A4F7556}") = "RecipesShare", "RecipesShare\RecipesShare.csproj", "{D5666DD0-9CBA-46DF-8399-63886E44CCCD}"
EndProject
Project("{2150E333-8FDC-42A3-9474-1A3956D46DE8}") = "Web", "Web", "{3E86F479-9CAD-41CA-BD10-1ADBC66AEA82}"
EndProject
Project("{2150E333-8FDC-42A3-9474-1A3956D46DE8}") = "Data", "Data", "{E50410BE-760A-4556-9859-B8C5D311156F}"
EndProject
Project("{9A19103F-16F7-4668-BE54-9A1E7A4F7556}") = "RecipesShare.Data.Models", "RecipesShare.Data.Models\RecipesShare.Data.Models.csproj", "{6F131CBE-147C-480F-A81D-CD0BE1AF9349}"
EndProject
Project("{9A19103F-16F7-4668-BE54-9A1E7A4F7556}") = "RecipesShare.Data", "RecipesShare.Data\RecipesShare.Data.csproj", "{65D711AE-CBCB-4970-8E87-0ACE86F79EC6}"
EndProject
Project("{9A19103F-16F7-4668-BE54-9A1E7A4F7556}") = "RecipesShare.Models", "RecipesShare.Models\RecipesShare.Models.csproj", "{67E3E86B-C308-4487-97E9-AD8AF92FB7C0}"
EndProject
Project("{2150E333-8FDC-42A3-9474-1A3956D46DE8}") = "Services", "Services", "{5EB190AA-2895-4427-B7F9-A9EAC48666C7}"
EndProject
Project("{9A19103F-16F7-4668-BE54-9A1E7A4F7556}") = "RecipesShare.Services", "RecipesShare.Services\RecipesShare.Services.csproj", "{BE70B183-BAD3-4B8D-AA40-966DCEAE4D32}"
EndProject
Project("{9A19103F-16F7-4668-BE54-9A1E7A4F7556}") = "RecipesShare.WebExtensions", "RecipesShare.WebExtensions\RecipesShare.WebExtensions.csproj", "{C9D7E5BF-3BF4-42FB-BC62-D7DBF77E441A}"
EndProject
Project("{9A19103F-16F7-4668-BE54-9A1E7A4F7556}") = "RecipesShare.Common", "RecipesShare.Common\RecipesShare.Common.csproj", "{782C6E2C-8969-4C9B-9B05-78530E27024E}"
EndProject
Project("{FAE04EC0-301F-11D3-BF4B-00C04F79EFBC}") = "RecipesShare.Cuisine.Data", "RecipesShare.Cuisine.Data\RecipesShare.Cuisine.Data.csproj", "{6A85DE3D-0765-47E1-8202-9330543E1A83}"
EndProject
Global
	GlobalSection(SolutionConfigurationPlatforms) = preSolution
		Debug|Any CPU = Debug|Any CPU
		Release|Any CPU = Release|Any CPU
	EndGlobalSection
	GlobalSection(ProjectConfigurationPlatforms) = postSolution
		{D5666DD0-9CBA-46DF-8399-63886E44CCCD}.Debug|Any CPU.ActiveCfg = Debug|Any CPU
		{D5666DD0-9CBA-46DF-8399-63886E44CCCD}.Debug|Any CPU.Build.0 = Debug|Any CPU
		{D5666DD0-9CBA-46DF-8399-63886E44CCCD}.Release|Any CPU.ActiveCfg = Release|Any CPU
		{D5666DD0-9CBA-46DF-8399-63886E44CCCD}.Release|Any CPU.Build.0 = Release|Any CPU
		{6F131CBE-147C-480F-A81D-CD0BE1AF9349}.Debug|Any CPU.ActiveCfg = Debug|Any CPU
		{6F131CBE-147C-480F-A81D-CD0BE1AF9349}.Debug|Any CPU.Build.0 = Debug|Any CPU
		{6F131CBE-147C-480F-A81D-CD0BE1AF9349}.Release|Any CPU.ActiveCfg = Release|Any CPU
		{6F131CBE-147C-480F-A81D-CD0BE1AF9349}.Release|Any CPU.Build.0 = Release|Any CPU
		{65D711AE-CBCB-4970-8E87-0ACE86F79EC6}.Debug|Any CPU.ActiveCfg = Debug|Any CPU
		{65D711AE-CBCB-4970-8E87-0ACE86F79EC6}.Debug|Any CPU.Build.0 = Debug|Any CPU
		{65D711AE-CBCB-4970-8E87-0ACE86F79EC6}.Release|Any CPU.ActiveCfg = Release|Any CPU
		{65D711AE-CBCB-4970-8E87-0ACE86F79EC6}.Release|Any CPU.Build.0 = Release|Any CPU
		{67E3E86B-C308-4487-97E9-AD8AF92FB7C0}.Debug|Any CPU.ActiveCfg = Debug|Any CPU
		{67E3E86B-C308-4487-97E9-AD8AF92FB7C0}.Debug|Any CPU.Build.0 = Debug|Any CPU
		{67E3E86B-C308-4487-97E9-AD8AF92FB7C0}.Release|Any CPU.ActiveCfg = Release|Any CPU
		{67E3E86B-C308-4487-97E9-AD8AF92FB7C0}.Release|Any CPU.Build.0 = Release|Any CPU
		{BE70B183-BAD3-4B8D-AA40-966DCEAE4D32}.Debug|Any CPU.ActiveCfg = Debug|Any CPU
		{BE70B183-BAD3-4B8D-AA40-966DCEAE4D32}.Debug|Any CPU.Build.0 = Debug|Any CPU
		{BE70B183-BAD3-4B8D-AA40-966DCEAE4D32}.Release|Any CPU.ActiveCfg = Release|Any CPU
		{BE70B183-BAD3-4B8D-AA40-966DCEAE4D32}.Release|Any CPU.Build.0 = Release|Any CPU
		{C9D7E5BF-3BF4-42FB-BC62-D7DBF77E441A}.Debug|Any CPU.ActiveCfg = Debug|Any CPU
		{C9D7E5BF-3BF4-42FB-BC62-D7DBF77E441A}.Debug|Any CPU.Build.0 = Debug|Any CPU
		{C9D7E5BF-3BF4-42FB-BC62-D7DBF77E441A}.Release|Any CPU.ActiveCfg = Release|Any CPU
		{C9D7E5BF-3BF4-42FB-BC62-D7DBF77E441A}.Release|Any CPU.Build.0 = Release|Any CPU
		{782C6E2C-8969-4C9B-9B05-78530E27024E}.Debug|Any CPU.ActiveCfg = Debug|Any CPU
		{782C6E2C-8969-4C9B-9B05-78530E27024E}.Debug|Any CPU.Build.0 = Debug|Any CPU
		{782C6E2C-8969-4C9B-9B05-78530E27024E}.Release|Any CPU.ActiveCfg = Release|Any CPU
		{782C6E2C-8969-4C9B-9B05-78530E27024E}.Release|Any CPU.Build.0 = Release|Any CPU
		{6A85DE3D-0765-47E1-8202-9330543E1A83}.Debug|Any CPU.ActiveCfg = Debug|Any CPU
		{6A85DE3D-0765-47E1-8202-9330543E1A83}.Debug|Any CPU.Build.0 = Debug|Any CPU
		{6A85DE3D-0765-47E1-8202-9330543E1A83}.Release|Any CPU.ActiveCfg = Release|Any CPU
		{6A85DE3D-0765-47E1-8202-9330543E1A83}.Release|Any CPU.Build.0 = Release|Any CPU
	EndGlobalSection
	GlobalSection(SolutionProperties) = preSolution
		HideSolutionNode = FALSE
	EndGlobalSection
	GlobalSection(NestedProjects) = preSolution
		{D5666DD0-9CBA-46DF-8399-63886E44CCCD} = {3E86F479-9CAD-41CA-BD10-1ADBC66AEA82}
		{6F131CBE-147C-480F-A81D-CD0BE1AF9349} = {E50410BE-760A-4556-9859-B8C5D311156F}
		{65D711AE-CBCB-4970-8E87-0ACE86F79EC6} = {E50410BE-760A-4556-9859-B8C5D311156F}
		{67E3E86B-C308-4487-97E9-AD8AF92FB7C0} = {3E86F479-9CAD-41CA-BD10-1ADBC66AEA82}
		{BE70B183-BAD3-4B8D-AA40-966DCEAE4D32} = {5EB190AA-2895-4427-B7F9-A9EAC48666C7}
		{6A85DE3D-0765-47E1-8202-9330543E1A83} = {E50410BE-760A-4556-9859-B8C5D311156F}
	EndGlobalSection
	GlobalSection(ExtensibilityGlobals) = postSolution
		SolutionGuid = {FFFA8B45-2B9E-4326-BFD9-48F09DD3919E}
	EndGlobalSection
EndGlobal
